
Microsoft Visual Studio Solution File, Format Version 12.00
# Visual Studio Version 17
VisualStudioVersion = 17.2.32616.157
MinimumVisualStudioVersion = 10.0.40219.1
Project("{9A19103F-16F7-4668-BE54-9A1E7A4F7556}") = "AzureCostCalculatorAPI", "AzureCostCalculatorAPI\AzureCostCalculatorAPI.csproj", "{BB372CED-F41F-418E-87EE-1931D954E23C}"
EndProject
Project("{2150E333-8FDC-42A3-9474-1A3956D46DE8}") = "Solution Items", "Solution Items", "{23F22F4D-54EB-4E2D-838E-F8071C2F1D4A}"
EndProject
Project("{00D1A9C2-B5F0-4AF3-8072-F6C62B433612}") = "AzureResources", "AzureResources\AzureResources.sqlproj", "{0BBDAE9A-6AB0-4C4B-B421-C68CFA21A940}"
EndProject
Project("{9A19103F-16F7-4668-BE54-9A1E7A4F7556}") = "AzureCostCalculatorAPI.Contract", "AzureCostCalculatorAPI.Contract\AzureCostCalculatorAPI.Contract.csproj", "{EEF7FF96-E982-4318-A4B3-67FE2B311876}"
EndProject
Project("{FAE04EC0-301F-11D3-BF4B-00C04F79EFBC}") = "UnitTestAPI", "UnitTestAPI\UnitTestAPI.csproj", "{B6B05D7C-79BF-44F9-BC83-787ADB0C30AC}"
EndProject
Project("{FAE04EC0-301F-11D3-BF4B-00C04F79EFBC}") = "AzureCostCalculatorAPI.Test", "AzureCostCalculatorAPI.Test\AzureCostCalculatorAPI.Test.csproj", "{6F3314F8-BA2A-435D-BF54-C35D5351D571}"
EndProject
Global
	GlobalSection(SolutionConfigurationPlatforms) = preSolution
		Debug|Any CPU = Debug|Any CPU
		Release|Any CPU = Release|Any CPU
	EndGlobalSection
	GlobalSection(ProjectConfigurationPlatforms) = postSolution
		{BB372CED-F41F-418E-87EE-1931D954E23C}.Debug|Any CPU.ActiveCfg = Debug|Any CPU
		{BB372CED-F41F-418E-87EE-1931D954E23C}.Debug|Any CPU.Build.0 = Debug|Any CPU
		{BB372CED-F41F-418E-87EE-1931D954E23C}.Release|Any CPU.ActiveCfg = Release|Any CPU
		{BB372CED-F41F-418E-87EE-1931D954E23C}.Release|Any CPU.Build.0 = Release|Any CPU
		{0BBDAE9A-6AB0-4C4B-B421-C68CFA21A940}.Debug|Any CPU.ActiveCfg = Debug|Any CPU
		{0BBDAE9A-6AB0-4C4B-B421-C68CFA21A940}.Debug|Any CPU.Build.0 = Debug|Any CPU
		{0BBDAE9A-6AB0-4C4B-B421-C68CFA21A940}.Debug|Any CPU.Deploy.0 = Debug|Any CPU
		{0BBDAE9A-6AB0-4C4B-B421-C68CFA21A940}.Release|Any CPU.ActiveCfg = Release|Any CPU
		{0BBDAE9A-6AB0-4C4B-B421-C68CFA21A940}.Release|Any CPU.Build.0 = Release|Any CPU
		{0BBDAE9A-6AB0-4C4B-B421-C68CFA21A940}.Release|Any CPU.Deploy.0 = Release|Any CPU
		{EEF7FF96-E982-4318-A4B3-67FE2B311876}.Debug|Any CPU.ActiveCfg = Debug|Any CPU
		{EEF7FF96-E982-4318-A4B3-67FE2B311876}.Debug|Any CPU.Build.0 = Debug|Any CPU
		{EEF7FF96-E982-4318-A4B3-67FE2B311876}.Release|Any CPU.ActiveCfg = Release|Any CPU
		{EEF7FF96-E982-4318-A4B3-67FE2B311876}.Release|Any CPU.Build.0 = Release|Any CPU
		{B6B05D7C-79BF-44F9-BC83-787ADB0C30AC}.Debug|Any CPU.ActiveCfg = Debug|Any CPU
		{B6B05D7C-79BF-44F9-BC83-787ADB0C30AC}.Debug|Any CPU.Build.0 = Debug|Any CPU
		{B6B05D7C-79BF-44F9-BC83-787ADB0C30AC}.Release|Any CPU.ActiveCfg = Release|Any CPU
		{B6B05D7C-79BF-44F9-BC83-787ADB0C30AC}.Release|Any CPU.Build.0 = Release|Any CPU
		{6F3314F8-BA2A-435D-BF54-C35D5351D571}.Debug|Any CPU.ActiveCfg = Debug|Any CPU
		{6F3314F8-BA2A-435D-BF54-C35D5351D571}.Debug|Any CPU.Build.0 = Debug|Any CPU
		{6F3314F8-BA2A-435D-BF54-C35D5351D571}.Release|Any CPU.ActiveCfg = Release|Any CPU
		{6F3314F8-BA2A-435D-BF54-C35D5351D571}.Release|Any CPU.Build.0 = Release|Any CPU
	EndGlobalSection
	GlobalSection(SolutionProperties) = preSolution
		HideSolutionNode = FALSE
	EndGlobalSection
	GlobalSection(ExtensibilityGlobals) = postSolution
		SolutionGuid = {CAD38FF7-3828-4446-A5BC-EF18315E7656}
	EndGlobalSection
EndGlobal
